
Microsoft Visual Studio Solution File, Format Version 12.00
# Visual Studio 15
Project("{FAE04EC0-301F-11D3-BF4B-00C04F79EFBC}") = "Assembly-CSharp", "Assembly-CSharp.csproj", "{B6782023-C52D-3DC0-AD35-F1C2F77B79FD}"
EndProject
Project("{FAE04EC0-301F-11D3-BF4B-00C04F79EFBC}") = "Assembly-CSharp-Editor", "Assembly-CSharp-Editor.csproj", "{7CA3C3F7-912F-8889-665D-D491B35E6F76}"
EndProject
Global
	GlobalSection(SolutionConfigurationPlatforms) = preSolution
		Debug|Any CPU = Debug|Any CPU
		Release|Any CPU = Release|Any CPU
	EndGlobalSection
	GlobalSection(ProjectConfigurationPlatforms) = postSolution
		{B6782023-C52D-3DC0-AD35-F1C2F77B79FD}.Debug|Any CPU.ActiveCfg = Debug|Any CPU
		{B6782023-C52D-3DC0-AD35-F1C2F77B79FD}.Debug|Any CPU.Build.0 = Debug|Any CPU
		{B6782023-C52D-3DC0-AD35-F1C2F77B79FD}.Release|Any CPU.ActiveCfg = Release|Any CPU
		{B6782023-C52D-3DC0-AD35-F1C2F77B79FD}.Release|Any CPU.Build.0 = Release|Any CPU
		{7CA3C3F7-912F-8889-665D-D491B35E6F76}.Debug|Any CPU.ActiveCfg = Debug|Any CPU
		{7CA3C3F7-912F-8889-665D-D491B35E6F76}.Debug|Any CPU.Build.0 = Debug|Any CPU
		{7CA3C3F7-912F-8889-665D-D491B35E6F76}.Release|Any CPU.ActiveCfg = Release|Any CPU
		{7CA3C3F7-912F-8889-665D-D491B35E6F76}.Release|Any CPU.Build.0 = Release|Any CPU
	EndGlobalSection
	GlobalSection(SolutionProperties) = preSolution
		HideSolutionNode = FALSE
	EndGlobalSection
EndGlobal
